
Microsoft Visual Studio Solution File, Format Version 12.00
# Visual Studio Version 17
VisualStudioVersion = 17.0.31903.59
MinimumVisualStudioVersion = 10.0.40219.1
Project("{2150E333-8FDC-42A3-9474-1A3956D46DE8}") = "HMI", "HMI", "{1A2C8FE7-3586-44C9-996B-E681C4085804}"
EndProject
Project("{2150E333-8FDC-42A3-9474-1A3956D46DE8}") = "IO", "IO", "{745FE0BC-B949-4BB9-993E-55CCFC5A1041}"
EndProject
Project("{2150E333-8FDC-42A3-9474-1A3956D46DE8}") = "Network", "Network", "{B68F6150-361E-49D5-A256-E0878024CDF3}"
EndProject
Project("{2150E333-8FDC-42A3-9474-1A3956D46DE8}") = "_External", "_External", "{7BAA62E8-3D46-4503-998F-874AF6561658}"
EndProject
Project("{9A19103F-16F7-4668-BE54-9A1E7A4F7556}") = "Capsium.Windows", "..\..\Capsium.Core\src\Capsium.Windows\Capsium.Windows.csproj", "{6DC72055-F16B-4603-8247-8A7705FB039D}"
EndProject
Project("{9A19103F-16F7-4668-BE54-9A1E7A4F7556}") = "ICs.IOExpanders.Ft232h", "..\..\Capsium.Foundation\src\Capsium.Foundation.Peripherals\ICs.IOExpanders.Ft232h\Driver\ICs.IOExpanders.Ft232h.csproj", "{9DEA2B0D-ED3A-4AA2-B93F-99214B8A5673}"
EndProject
Project("{FAE04EC0-301F-11D3-BF4B-00C04F79EFBC}") = "Blinky", "Blinky\Blinky.csproj", "{BDA9CB48-73CA-437F-9485-FA48322BE8F9}"
EndProject
Project("{FAE04EC0-301F-11D3-BF4B-00C04F79EFBC}") = "CharacterDisplaySample", "CharacterDisplaySample\CharacterDisplaySample.csproj", "{20C0FC68-0430-47EA-8D33-A720B729D0CB}"
EndProject
Project("{9A19103F-16F7-4668-BE54-9A1E7A4F7556}") = "Displays.Lcd.CharacterDisplay", "..\..\Capsium.Foundation\src\Capsium.Foundation.Peripherals\Displays.Lcd.CharacterDisplay\Driver\Displays.Lcd.CharacterDisplay.csproj", "{B667AE66-307C-4C62-BFF1-DB26D9A070BA}"
EndProject
Project("{FAE04EC0-301F-11D3-BF4B-00C04F79EFBC}") = "DigitalOutputPort", "DigitalOutputPort\DigitalOutputPort.csproj", "{E63784D7-A160-4814-A317-610A66EC7B54}"
EndProject
Project("{9A19103F-16F7-4668-BE54-9A1E7A4F7556}") = "Sensors.Motion.Mpu6050", "..\..\Capsium.Foundation\src\Capsium.Foundation.Peripherals\Sensors.Motion.Mpu6050\Driver\Sensors.Motion.Mpu6050.csproj", "{83D97B08-E214-4DA9-9D01-04231E36938C}"
EndProject
Project("{9A19103F-16F7-4668-BE54-9A1E7A4F7556}") = "Sensors.Motion.Bno055", "..\..\Capsium.Foundation\src\Capsium.Foundation.Peripherals\Sensors.Motion.Bno055\Driver\Sensors.Motion.Bno055.csproj", "{DE7EDBFC-B079-4B7C-9A52-29E327C1A93D}"
EndProject
Project("{FAE04EC0-301F-11D3-BF4B-00C04F79EFBC}") = "I2C", "I2C\I2C.csproj", "{46864DDC-F67F-49B0-8216-D301F80372BF}"
EndProject
Project("{9A19103F-16F7-4668-BE54-9A1E7A4F7556}") = "Sensors.Hid.Keyboard", "..\..\Capsium.Foundation\src\Capsium.Foundation.Peripherals\Sensors.Hid.Keyboard\Driver\Sensors.Hid.Keyboard.csproj", "{334C7347-74F4-4E23-B382-EAC0DE925F11}"
EndProject
Project("{FAE04EC0-301F-11D3-BF4B-00C04F79EFBC}") = "Keyboard", "Keyboard\Keyboard.csproj", "{7D38C7AD-AED0-46BD-A393-70B4A69FB0B2}"
EndProject
Project("{9A19103F-16F7-4668-BE54-9A1E7A4F7556}") = "Displays.Max7219", "..\..\Capsium.Foundation\src\Capsium.Foundation.Peripherals\Displays.Max7219\Driver\Displays.Max7219.csproj", "{221F3CF3-5B90-4156-A7D5-EC235B651B65}"
EndProject
Project("{9A19103F-16F7-4668-BE54-9A1E7A4F7556}") = "Graphics.MicroGraphics", "..\..\Capsium.Foundation\src\Capsium.Foundation.Libraries_and_Frameworks\Graphics.MicroGraphics\Driver\Graphics.MicroGraphics.csproj", "{AD61EFA4-0FFF-4739-AC0E-C249C2558871}"
EndProject
Project("{FAE04EC0-301F-11D3-BF4B-00C04F79EFBC}") = "Max7219Sample", "Max7219Sample\Max7219Sample.csproj", "{54421584-1663-497D-BD65-6D544FEE0AF0}"
EndProject
Project("{FAE04EC0-301F-11D3-BF4B-00C04F79EFBC}") = "SerialPort", "SerialPort\SerialPort.csproj", "{6A9A5F2F-3648-474E-87B0-504FE8F11185}"
EndProject
Project("{9A19103F-16F7-4668-BE54-9A1E7A4F7556}") = "Displays.TftSpi", "..\..\Capsium.Foundation\src\Capsium.Foundation.Peripherals\Displays.TftSpi\Driver\Displays.TftSpi.csproj", "{7BE162A2-C846-40D4-883A-4AE76179AC7C}"
EndProject
Project("{FAE04EC0-301F-11D3-BF4B-00C04F79EFBC}") = "SPI", "SPI\SPI.csproj", "{30D26937-E62C-4385-866C-DDC92B176B84}"
EndProject
Project("{FAE04EC0-301F-11D3-BF4B-00C04F79EFBC}") = "NetworkBasics", "NetworkBasics\NetworkBasics.csproj", "{220D821D-9C23-4D08-A75F-3197F48A1A82}"
EndProject
Project("{FAE04EC0-301F-11D3-BF4B-00C04F79EFBC}") = "WifiWeather", "WifiWeather\WifiWeather.csproj", "{7C1AA9C8-BDBA-4BDE-B7B6-8B231ED40B79}"
EndProject
Project("{FAE04EC0-301F-11D3-BF4B-00C04F79EFBC}") = "WinFormsMeadow", "WinFormsMeadow\WinFormsMeadow.csproj", "{35FBA0B7-AB22-445E-A0E4-F4CEDBF9E4BF}"
EndProject
Project("{9A19103F-16F7-4668-BE54-9A1E7A4F7556}") = "Displays.WinForms", "..\..\Capsium.Foundation\src\Capsium.Foundation.Peripherals\Displays.WinForms\Driver\Displays.WinForms.csproj", "{B4696A47-A0FB-4644-983C-6CE3AEE1F222}"
EndProject
Project("{FAE04EC0-301F-11D3-BF4B-00C04F79EFBC}") = "WaterTank", "WaterTank\WaterTank.csproj", "{99369D12-6DEF-49D0-A500-A5E7BC41D291}"
EndProject
Project("{9A19103F-16F7-4668-BE54-9A1E7A4F7556}") = "Capsium.Avalonia", "..\..\Capsium.Core\src\Capsium.Avalonia\Capsium.Avalonia.csproj", "{B745D875-E139-41D5-B504-1F42E105DC54}"
EndProject
Global
	GlobalSection(SolutionConfigurationPlatforms) = preSolution
		Debug|Any CPU = Debug|Any CPU
		Release|Any CPU = Release|Any CPU
	EndGlobalSection
	GlobalSection(ProjectConfigurationPlatforms) = postSolution
		{6DC72055-F16B-4603-8247-8A7705FB039D}.Debug|Any CPU.ActiveCfg = Debug|Any CPU
		{6DC72055-F16B-4603-8247-8A7705FB039D}.Debug|Any CPU.Build.0 = Debug|Any CPU
		{6DC72055-F16B-4603-8247-8A7705FB039D}.Release|Any CPU.ActiveCfg = Release|Any CPU
		{6DC72055-F16B-4603-8247-8A7705FB039D}.Release|Any CPU.Build.0 = Release|Any CPU
		{9DEA2B0D-ED3A-4AA2-B93F-99214B8A5673}.Debug|Any CPU.ActiveCfg = Debug|Any CPU
		{9DEA2B0D-ED3A-4AA2-B93F-99214B8A5673}.Debug|Any CPU.Build.0 = Debug|Any CPU
		{9DEA2B0D-ED3A-4AA2-B93F-99214B8A5673}.Release|Any CPU.ActiveCfg = Release|Any CPU
		{9DEA2B0D-ED3A-4AA2-B93F-99214B8A5673}.Release|Any CPU.Build.0 = Release|Any CPU
		{BDA9CB48-73CA-437F-9485-FA48322BE8F9}.Debug|Any CPU.ActiveCfg = Debug|Any CPU
		{BDA9CB48-73CA-437F-9485-FA48322BE8F9}.Debug|Any CPU.Build.0 = Debug|Any CPU
		{BDA9CB48-73CA-437F-9485-FA48322BE8F9}.Release|Any CPU.ActiveCfg = Release|Any CPU
		{BDA9CB48-73CA-437F-9485-FA48322BE8F9}.Release|Any CPU.Build.0 = Release|Any CPU
		{20C0FC68-0430-47EA-8D33-A720B729D0CB}.Debug|Any CPU.ActiveCfg = Debug|Any CPU
		{20C0FC68-0430-47EA-8D33-A720B729D0CB}.Debug|Any CPU.Build.0 = Debug|Any CPU
		{20C0FC68-0430-47EA-8D33-A720B729D0CB}.Release|Any CPU.ActiveCfg = Release|Any CPU
		{20C0FC68-0430-47EA-8D33-A720B729D0CB}.Release|Any CPU.Build.0 = Release|Any CPU
		{B667AE66-307C-4C62-BFF1-DB26D9A070BA}.Debug|Any CPU.ActiveCfg = Debug|Any CPU
		{B667AE66-307C-4C62-BFF1-DB26D9A070BA}.Debug|Any CPU.Build.0 = Debug|Any CPU
		{B667AE66-307C-4C62-BFF1-DB26D9A070BA}.Release|Any CPU.ActiveCfg = Release|Any CPU
		{B667AE66-307C-4C62-BFF1-DB26D9A070BA}.Release|Any CPU.Build.0 = Release|Any CPU
		{E63784D7-A160-4814-A317-610A66EC7B54}.Debug|Any CPU.ActiveCfg = Debug|Any CPU
		{E63784D7-A160-4814-A317-610A66EC7B54}.Debug|Any CPU.Build.0 = Debug|Any CPU
		{E63784D7-A160-4814-A317-610A66EC7B54}.Release|Any CPU.ActiveCfg = Release|Any CPU
		{E63784D7-A160-4814-A317-610A66EC7B54}.Release|Any CPU.Build.0 = Release|Any CPU
		{83D97B08-E214-4DA9-9D01-04231E36938C}.Debug|Any CPU.ActiveCfg = Debug|Any CPU
		{83D97B08-E214-4DA9-9D01-04231E36938C}.Debug|Any CPU.Build.0 = Debug|Any CPU
		{83D97B08-E214-4DA9-9D01-04231E36938C}.Release|Any CPU.ActiveCfg = Release|Any CPU
		{83D97B08-E214-4DA9-9D01-04231E36938C}.Release|Any CPU.Build.0 = Release|Any CPU
		{DE7EDBFC-B079-4B7C-9A52-29E327C1A93D}.Debug|Any CPU.ActiveCfg = Debug|Any CPU
		{DE7EDBFC-B079-4B7C-9A52-29E327C1A93D}.Debug|Any CPU.Build.0 = Debug|Any CPU
		{DE7EDBFC-B079-4B7C-9A52-29E327C1A93D}.Release|Any CPU.ActiveCfg = Release|Any CPU
		{DE7EDBFC-B079-4B7C-9A52-29E327C1A93D}.Release|Any CPU.Build.0 = Release|Any CPU
		{46864DDC-F67F-49B0-8216-D301F80372BF}.Debug|Any CPU.ActiveCfg = Debug|Any CPU
		{46864DDC-F67F-49B0-8216-D301F80372BF}.Debug|Any CPU.Build.0 = Debug|Any CPU
		{46864DDC-F67F-49B0-8216-D301F80372BF}.Release|Any CPU.ActiveCfg = Release|Any CPU
		{46864DDC-F67F-49B0-8216-D301F80372BF}.Release|Any CPU.Build.0 = Release|Any CPU
		{334C7347-74F4-4E23-B382-EAC0DE925F11}.Debug|Any CPU.ActiveCfg = Debug|Any CPU
		{334C7347-74F4-4E23-B382-EAC0DE925F11}.Debug|Any CPU.Build.0 = Debug|Any CPU
		{334C7347-74F4-4E23-B382-EAC0DE925F11}.Release|Any CPU.ActiveCfg = Release|Any CPU
		{334C7347-74F4-4E23-B382-EAC0DE925F11}.Release|Any CPU.Build.0 = Release|Any CPU
		{7D38C7AD-AED0-46BD-A393-70B4A69FB0B2}.Debug|Any CPU.ActiveCfg = Debug|Any CPU
		{7D38C7AD-AED0-46BD-A393-70B4A69FB0B2}.Debug|Any CPU.Build.0 = Debug|Any CPU
		{7D38C7AD-AED0-46BD-A393-70B4A69FB0B2}.Release|Any CPU.ActiveCfg = Release|Any CPU
		{7D38C7AD-AED0-46BD-A393-70B4A69FB0B2}.Release|Any CPU.Build.0 = Release|Any CPU
		{221F3CF3-5B90-4156-A7D5-EC235B651B65}.Debug|Any CPU.ActiveCfg = Debug|Any CPU
		{221F3CF3-5B90-4156-A7D5-EC235B651B65}.Debug|Any CPU.Build.0 = Debug|Any CPU
		{221F3CF3-5B90-4156-A7D5-EC235B651B65}.Release|Any CPU.ActiveCfg = Release|Any CPU
		{221F3CF3-5B90-4156-A7D5-EC235B651B65}.Release|Any CPU.Build.0 = Release|Any CPU
		{AD61EFA4-0FFF-4739-AC0E-C249C2558871}.Debug|Any CPU.ActiveCfg = Debug|Any CPU
		{AD61EFA4-0FFF-4739-AC0E-C249C2558871}.Debug|Any CPU.Build.0 = Debug|Any CPU
		{AD61EFA4-0FFF-4739-AC0E-C249C2558871}.Release|Any CPU.ActiveCfg = Release|Any CPU
		{AD61EFA4-0FFF-4739-AC0E-C249C2558871}.Release|Any CPU.Build.0 = Release|Any CPU
		{54421584-1663-497D-BD65-6D544FEE0AF0}.Debug|Any CPU.ActiveCfg = Debug|Any CPU
		{54421584-1663-497D-BD65-6D544FEE0AF0}.Debug|Any CPU.Build.0 = Debug|Any CPU
		{54421584-1663-497D-BD65-6D544FEE0AF0}.Release|Any CPU.ActiveCfg = Release|Any CPU
		{54421584-1663-497D-BD65-6D544FEE0AF0}.Release|Any CPU.Build.0 = Release|Any CPU
		{6A9A5F2F-3648-474E-87B0-504FE8F11185}.Debug|Any CPU.ActiveCfg = Debug|Any CPU
		{6A9A5F2F-3648-474E-87B0-504FE8F11185}.Debug|Any CPU.Build.0 = Debug|Any CPU
		{6A9A5F2F-3648-474E-87B0-504FE8F11185}.Release|Any CPU.ActiveCfg = Release|Any CPU
		{6A9A5F2F-3648-474E-87B0-504FE8F11185}.Release|Any CPU.Build.0 = Release|Any CPU
		{7BE162A2-C846-40D4-883A-4AE76179AC7C}.Debug|Any CPU.ActiveCfg = Debug|Any CPU
		{7BE162A2-C846-40D4-883A-4AE76179AC7C}.Debug|Any CPU.Build.0 = Debug|Any CPU
		{7BE162A2-C846-40D4-883A-4AE76179AC7C}.Release|Any CPU.ActiveCfg = Release|Any CPU
		{7BE162A2-C846-40D4-883A-4AE76179AC7C}.Release|Any CPU.Build.0 = Release|Any CPU
		{30D26937-E62C-4385-866C-DDC92B176B84}.Debug|Any CPU.ActiveCfg = Debug|Any CPU
		{30D26937-E62C-4385-866C-DDC92B176B84}.Debug|Any CPU.Build.0 = Debug|Any CPU
		{30D26937-E62C-4385-866C-DDC92B176B84}.Release|Any CPU.ActiveCfg = Release|Any CPU
		{30D26937-E62C-4385-866C-DDC92B176B84}.Release|Any CPU.Build.0 = Release|Any CPU
		{220D821D-9C23-4D08-A75F-3197F48A1A82}.Debug|Any CPU.ActiveCfg = Debug|Any CPU
		{220D821D-9C23-4D08-A75F-3197F48A1A82}.Debug|Any CPU.Build.0 = Debug|Any CPU
		{220D821D-9C23-4D08-A75F-3197F48A1A82}.Release|Any CPU.ActiveCfg = Release|Any CPU
		{220D821D-9C23-4D08-A75F-3197F48A1A82}.Release|Any CPU.Build.0 = Release|Any CPU
		{7C1AA9C8-BDBA-4BDE-B7B6-8B231ED40B79}.Debug|Any CPU.ActiveCfg = Debug|Any CPU
		{7C1AA9C8-BDBA-4BDE-B7B6-8B231ED40B79}.Debug|Any CPU.Build.0 = Debug|Any CPU
		{7C1AA9C8-BDBA-4BDE-B7B6-8B231ED40B79}.Release|Any CPU.ActiveCfg = Release|Any CPU
		{7C1AA9C8-BDBA-4BDE-B7B6-8B231ED40B79}.Release|Any CPU.Build.0 = Release|Any CPU
		{35FBA0B7-AB22-445E-A0E4-F4CEDBF9E4BF}.Debug|Any CPU.ActiveCfg = Debug|Any CPU
		{35FBA0B7-AB22-445E-A0E4-F4CEDBF9E4BF}.Debug|Any CPU.Build.0 = Debug|Any CPU
		{35FBA0B7-AB22-445E-A0E4-F4CEDBF9E4BF}.Release|Any CPU.ActiveCfg = Release|Any CPU
		{35FBA0B7-AB22-445E-A0E4-F4CEDBF9E4BF}.Release|Any CPU.Build.0 = Release|Any CPU
		{B4696A47-A0FB-4644-983C-6CE3AEE1F222}.Debug|Any CPU.ActiveCfg = Debug|Any CPU
		{B4696A47-A0FB-4644-983C-6CE3AEE1F222}.Debug|Any CPU.Build.0 = Debug|Any CPU
		{B4696A47-A0FB-4644-983C-6CE3AEE1F222}.Release|Any CPU.ActiveCfg = Release|Any CPU
		{B4696A47-A0FB-4644-983C-6CE3AEE1F222}.Release|Any CPU.Build.0 = Release|Any CPU
		{99369D12-6DEF-49D0-A500-A5E7BC41D291}.Debug|Any CPU.ActiveCfg = Debug|Any CPU
		{99369D12-6DEF-49D0-A500-A5E7BC41D291}.Debug|Any CPU.Build.0 = Debug|Any CPU
		{99369D12-6DEF-49D0-A500-A5E7BC41D291}.Release|Any CPU.ActiveCfg = Release|Any CPU
		{99369D12-6DEF-49D0-A500-A5E7BC41D291}.Release|Any CPU.Build.0 = Release|Any CPU
		{B745D875-E139-41D5-B504-1F42E105DC54}.Debug|Any CPU.ActiveCfg = Debug|Any CPU
		{B745D875-E139-41D5-B504-1F42E105DC54}.Debug|Any CPU.Build.0 = Debug|Any CPU
		{B745D875-E139-41D5-B504-1F42E105DC54}.Release|Any CPU.ActiveCfg = Release|Any CPU
		{B745D875-E139-41D5-B504-1F42E105DC54}.Release|Any CPU.Build.0 = Release|Any CPU
	EndGlobalSection
	GlobalSection(SolutionProperties) = preSolution
		HideSolutionNode = FALSE
	EndGlobalSection
	GlobalSection(NestedProjects) = preSolution
		{6DC72055-F16B-4603-8247-8A7705FB039D} = {7BAA62E8-3D46-4503-998F-874AF6561658}
		{9DEA2B0D-ED3A-4AA2-B93F-99214B8A5673} = {7BAA62E8-3D46-4503-998F-874AF6561658}
		{BDA9CB48-73CA-437F-9485-FA48322BE8F9} = {745FE0BC-B949-4BB9-993E-55CCFC5A1041}
		{20C0FC68-0430-47EA-8D33-A720B729D0CB} = {745FE0BC-B949-4BB9-993E-55CCFC5A1041}
		{B667AE66-307C-4C62-BFF1-DB26D9A070BA} = {7BAA62E8-3D46-4503-998F-874AF6561658}
		{E63784D7-A160-4814-A317-610A66EC7B54} = {745FE0BC-B949-4BB9-993E-55CCFC5A1041}
		{83D97B08-E214-4DA9-9D01-04231E36938C} = {7BAA62E8-3D46-4503-998F-874AF6561658}
		{DE7EDBFC-B079-4B7C-9A52-29E327C1A93D} = {7BAA62E8-3D46-4503-998F-874AF6561658}
		{46864DDC-F67F-49B0-8216-D301F80372BF} = {745FE0BC-B949-4BB9-993E-55CCFC5A1041}
		{334C7347-74F4-4E23-B382-EAC0DE925F11} = {7BAA62E8-3D46-4503-998F-874AF6561658}
		{7D38C7AD-AED0-46BD-A393-70B4A69FB0B2} = {745FE0BC-B949-4BB9-993E-55CCFC5A1041}
		{221F3CF3-5B90-4156-A7D5-EC235B651B65} = {7BAA62E8-3D46-4503-998F-874AF6561658}
		{AD61EFA4-0FFF-4739-AC0E-C249C2558871} = {7BAA62E8-3D46-4503-998F-874AF6561658}
		{54421584-1663-497D-BD65-6D544FEE0AF0} = {745FE0BC-B949-4BB9-993E-55CCFC5A1041}
		{6A9A5F2F-3648-474E-87B0-504FE8F11185} = {745FE0BC-B949-4BB9-993E-55CCFC5A1041}
		{7BE162A2-C846-40D4-883A-4AE76179AC7C} = {7BAA62E8-3D46-4503-998F-874AF6561658}
		{30D26937-E62C-4385-866C-DDC92B176B84} = {745FE0BC-B949-4BB9-993E-55CCFC5A1041}
		{220D821D-9C23-4D08-A75F-3197F48A1A82} = {B68F6150-361E-49D5-A256-E0878024CDF3}
		{7C1AA9C8-BDBA-4BDE-B7B6-8B231ED40B79} = {B68F6150-361E-49D5-A256-E0878024CDF3}
		{35FBA0B7-AB22-445E-A0E4-F4CEDBF9E4BF} = {1A2C8FE7-3586-44C9-996B-E681C4085804}
		{B4696A47-A0FB-4644-983C-6CE3AEE1F222} = {7BAA62E8-3D46-4503-998F-874AF6561658}
		{99369D12-6DEF-49D0-A500-A5E7BC41D291} = {1A2C8FE7-3586-44C9-996B-E681C4085804}
		{B745D875-E139-41D5-B504-1F42E105DC54} = {7BAA62E8-3D46-4503-998F-874AF6561658}
	EndGlobalSection
	GlobalSection(ExtensibilityGlobals) = postSolution
		SolutionGuid = {82456E54-BD8A-4EA3-B36A-83D4384931D7}
	EndGlobalSection
EndGlobal
